
Microsoft Visual Studio Solution File, Format Version 12.00
# Visual Studio Version 17
VisualStudioVersion = 17.3.32922.545
MinimumVisualStudioVersion = 10.0.40219.1
Project("{9A19103F-16F7-4668-BE54-9A1E7A4F7556}") = "TestReader", "TestReader\TestReader.csproj", "{9BC27123-6BEE-4C57-BC0A-13DB8C512684}"
EndProject
Global
	GlobalSection(SolutionConfigurationPlatforms) = preSolution
		Debug|Any CPU = Debug|Any CPU
		Debug|x64 = Debug|x64
		Release|Any CPU = Release|Any CPU
		Release|x64 = Release|x64
		TestTaskGasprom|Any CPU = TestTaskGasprom|Any CPU
		TestTaskGasprom|x64 = TestTaskGasprom|x64
	EndGlobalSection
	GlobalSection(ProjectConfigurationPlatforms) = postSolution
		{9BC27123-6BEE-4C57-BC0A-13DB8C512684}.Debug|Any CPU.ActiveCfg = Debug|Any CPU
		{9BC27123-6BEE-4C57-BC0A-13DB8C512684}.Debug|Any CPU.Build.0 = Debug|Any CPU
		{9BC27123-6BEE-4C57-BC0A-13DB8C512684}.Debug|x64.ActiveCfg = Debug|x64
		{9BC27123-6BEE-4C57-BC0A-13DB8C512684}.Debug|x64.Build.0 = Debug|x64
		{9BC27123-6BEE-4C57-BC0A-13DB8C512684}.Release|Any CPU.ActiveCfg = Release|Any CPU
		{9BC27123-6BEE-4C57-BC0A-13DB8C512684}.Release|Any CPU.Build.0 = Release|Any CPU
		{9BC27123-6BEE-4C57-BC0A-13DB8C512684}.Release|x64.ActiveCfg = Release|x64
		{9BC27123-6BEE-4C57-BC0A-13DB8C512684}.Release|x64.Build.0 = Release|x64
		{9BC27123-6BEE-4C57-BC0A-13DB8C512684}.TestTaskGasprom|Any CPU.ActiveCfg = TestTaskGasprom|Any CPU
		{9BC27123-6BEE-4C57-BC0A-13DB8C512684}.TestTaskGasprom|Any CPU.Build.0 = TestTaskGasprom|Any CPU
		{9BC27123-6BEE-4C57-BC0A-13DB8C512684}.TestTaskGasprom|x64.ActiveCfg = TestTaskGasprom|x64
		{9BC27123-6BEE-4C57-BC0A-13DB8C512684}.TestTaskGasprom|x64.Build.0 = TestTaskGasprom|x64
	EndGlobalSection
	GlobalSection(SolutionProperties) = preSolution
		HideSolutionNode = FALSE
	EndGlobalSection
	GlobalSection(ExtensibilityGlobals) = postSolution
		SolutionGuid = {5E74DE99-1973-400C-BAEF-46698458F011}
	EndGlobalSection
EndGlobal
